Microsoft Visual Studio Solution File, Format Version 12.00
# Visual Studio Version 17
VisualStudioVersion = 17.5.2.0
MinimumVisualStudioVersion = 10.0.40219.1
Project("{FAE04EC0-301F-11D3-BF4B-00C04F79EFBC}") = "Tutorial8", "Tutorial8.csproj", "{664CC17F-D2FC-E800-0B4C-7ABA9A62E2DD}"
EndProject
Global
	GlobalSection(SolutionConfigurationPlatforms) = preSolution
		Debug|Any CPU = Debug|Any CPU
		Release|Any CPU = Release|Any CPU
	EndGlobalSection
	GlobalSection(ProjectConfigurationPlatforms) = postSolution
		{664CC17F-D2FC-E800-0B4C-7ABA9A62E2DD}.Debug|Any CPU.ActiveCfg = Debug|Any CPU
		{664CC17F-D2FC-E800-0B4C-7ABA9A62E2DD}.Debug|Any CPU.Build.0 = Debug|Any CPU
		{664CC17F-D2FC-E800-0B4C-7ABA9A62E2DD}.Release|Any CPU.ActiveCfg = Release|Any CPU
		{664CC17F-D2FC-E800-0B4C-7ABA9A62E2DD}.Release|Any CPU.Build.0 = Release|Any CPU
	EndGlobalSection
	GlobalSection(SolutionProperties) = preSolution
		HideSolutionNode = FALSE
	EndGlobalSection
	GlobalSection(ExtensibilityGlobals) = postSolution
		SolutionGuid = {5A6CCFE4-BCAD-4E35-AAD7-6E1FDAB700FC}
	EndGlobalSection
EndGlobal
